// !$*UTF8*$!
{
	archiveVersion = 1;
	classes = {
	};
	objectVersion = 51;
	objects = {

/* Begin PBXBuildFile section */
		000E843A24664FE900E013EC /* LoginController.swift in Sources */ = {isa = PBXBuildFile; fileRef = 000E843924664FE900E013EC /* LoginController.swift */; };
		000E843C2466509400E013EC /* RegisterCotroller.swift in Sources */ = {isa = PBXBuildFile; fileRef = 000E843B2466509400E013EC /* RegisterCotroller.swift */; };
		000E843E2466641600E013EC /* Utilities.swift in Sources */ = {isa = PBXBuildFile; fileRef = 000E843D2466641600E013EC /* Utilities.swift */; };
		002468D5246774CE006AFAAF /* GoogleService-Info.plist in Resources */ = {isa = PBXBuildFile; fileRef = 002468D4246774CE006AFAAF /* GoogleService-Info.plist */; };
		002903052461EF3F00561413 /* AppDelegate.swift in Sources */ = {isa = PBXBuildFile; fileRef = 002903042461EF3F00561413 /* AppDelegate.swift */; };
		002903072461EF3F00561413 /* SceneDelegate.swift in Sources */ = {isa = PBXBuildFile; fileRef = 002903062461EF3F00561413 /* SceneDelegate.swift */; };
		0029030C2461EF3F00561413 /* Main.storyboard in Resources */ = {isa = PBXBuildFile; fileRef = 0029030A2461EF3F00561413 /* Main.storyboard */; };
		0029030E2461EF4500561413 /* Assets.xcassets in Resources */ = {isa = PBXBuildFile; fileRef = 0029030D2461EF4500561413 /* Assets.xcassets */; };
		002903112461EF4500561413 /* LaunchScreen.storyboard in Resources */ = {isa = PBXBuildFile; fileRef = 0029030F2461EF4500561413 /* LaunchScreen.storyboard */; };
		00361347247AAD8C00BF6AA3 /* ProfileHeader.swift in Sources */ = {isa = PBXBuildFile; fileRef = 00361346247AAD8C00BF6AA3 /* ProfileHeader.swift */; };
		005482F9247545F600FC35B2 /* TweetViewModel.swift in Sources */ = {isa = PBXBuildFile; fileRef = 005482F8247545F600FC35B2 /* TweetViewModel.swift */; };
		0064E48D246EBDC700B469CB /* UploadTweetController.swift in Sources */ = {isa = PBXBuildFile; fileRef = 0064E48C246EBDC700B469CB /* UploadTweetController.swift */; };
		008A1A1B24795E8100875452 /* ProfileController.swift in Sources */ = {isa = PBXBuildFile; fileRef = 008A1A1A24795E8100875452 /* ProfileController.swift */; };
		00A1150124726C6100DA845C /* Tweet.swift in Sources */ = {isa = PBXBuildFile; fileRef = 00A1150024726C6100DA845C /* Tweet.swift */; };
		00A115032472756500DA845C /* TweetCell.swift in Sources */ = {isa = PBXBuildFile; fileRef = 00A115022472756500DA845C /* TweetCell.swift */; };
		00ADD210247B0B45002AF498 /* ProfileFilterview.swift in Sources */ = {isa = PBXBuildFile; fileRef = 00ADD20F247B0B45002AF498 /* ProfileFilterview.swift */; };
		00ADD212247B0DFF002AF498 /* ProfileFilterCell.swift in Sources */ = {isa = PBXBuildFile; fileRef = 00ADD211247B0DFF002AF498 /* ProfileFilterCell.swift */; };
		00C7CBFD246B847F0099DEE3 /* UserService.swift in Sources */ = {isa = PBXBuildFile; fileRef = 00C7CBFC246B847F0099DEE3 /* UserService.swift */; };
		00C7CC01246B99070099DEE3 /* User.swift in Sources */ = {isa = PBXBuildFile; fileRef = 00C7CC00246B99070099DEE3 /* User.swift */; };
		00C9FCFA2467A7B40000B9DB /* AuthService.swift in Sources */ = {isa = PBXBuildFile; fileRef = 00C9FCF92467A7B40000B9DB /* AuthService.swift */; };
		00CA08122461F892004B74AC /* MainTabController.swift in Sources */ = {isa = PBXBuildFile; fileRef = 00CA08112461F892004B74AC /* MainTabController.swift */; };
		00CA08142461FA5E004B74AC /* FeedController.swift in Sources */ = {isa = PBXBuildFile; fileRef = 00CA08132461FA5E004B74AC /* FeedController.swift */; };
		00CA08162461FA6E004B74AC /* ExploreController.swift in Sources */ = {isa = PBXBuildFile; fileRef = 00CA08152461FA6E004B74AC /* ExploreController.swift */; };
		00CA08182461FA86004B74AC /* NotificationsContoller.swift in Sources */ = {isa = PBXBuildFile; fileRef = 00CA08172461FA86004B74AC /* NotificationsContoller.swift */; };
		00CA081A2461FAE8004B74AC /* ConversationContoller.swift in Sources */ = {isa = PBXBuildFile; fileRef = 00CA08192461FAE8004B74AC /* ConversationContoller.swift */; };
		00CA081E24624D1B004B74AC /* Extensions.swift in Sources */ = {isa = PBXBuildFile; fileRef = 00CA081D24624D1B004B74AC /* Extensions.swift */; };
		00E39204246FE44B00EB6889 /* CaptionTextView.swift in Sources */ = {isa = PBXBuildFile; fileRef = 00E39203246FE44B00EB6889 /* CaptionTextView.swift */; };
		00E39206246FF43C00EB6889 /* TweetService.swift in Sources */ = {isa = PBXBuildFile; fileRef = 00E39205246FF43C00EB6889 /* TweetService.swift */; };
		00FDB422246794D800A45747 /* Constants.swift in Sources */ = {isa = PBXBuildFile; fileRef = 00FDB421246794D800A45747 /* Constants.swift */; };
		4904752CC8464F7DA588A0B4 /* Pods_TwitterClone.framework in Frameworks */ = {isa = PBXBuildFile; fileRef = CB3DE0DFD3E132EF1A0C14A7 /* Pods_TwitterClone.framework */; };
/* End PBXBuildFile section */

/* Begin PBXFileReference section */
		000E843924664FE900E013EC /* LoginController.swift */ = {isa = PBXFileReference; lastKnownFileType = sourcecode.swift; path = LoginController.swift; sourceTree = "<group>"; };
		000E843B2466509400E013EC /* RegisterCotroller.swift */ = {isa = PBXFileReference; lastKnownFileType = sourcecode.swift; path = RegisterCotroller.swift; sourceTree = "<group>"; };
		000E843D2466641600E013EC /* Utilities.swift */ = {isa = PBXFileReference; lastKnownFileType = sourcecode.swift; path = Utilities.swift; sourceTree = "<group>"; };
		002468D4246774CE006AFAAF /* GoogleService-Info.plist */ = {isa = PBXFileReference; fileEncoding = 4; lastKnownFileType = text.plist.xml; path = "GoogleService-Info.plist"; sourceTree = "<group>"; };
		002903012461EF3F00561413 /* TwitterClone.app */ = {isa = PBXFileReference; explicitFileType = wrapper.application; includeInIndex = 0; path = TwitterClone.app; sourceTree = BUILT_PRODUCTS_DIR; };
		002903042461EF3F00561413 /* AppDelegate.swift */ = {isa = PBXFileReference; lastKnownFileType = sourcecode.swift; path = AppDelegate.swift; sourceTree = "<group>"; };
		002903062461EF3F00561413 /* SceneDelegate.swift */ = {isa = PBXFileReference; lastKnownFileType = sourcecode.swift; path = SceneDelegate.swift; sourceTree = "<group>"; };
		0029030B2461EF3F00561413 /* Base */ = {isa = PBXFileReference; lastKnownFileType = file.storyboard; name = Base; path = Base.lproj/Main.storyboard; sourceTree = "<group>"; };
		0029030D2461EF4500561413 /* Assets.xcassets */ = {isa = PBXFileReference; lastKnownFileType = folder.assetcatalog; path = Assets.xcassets; sourceTree = "<group>"; };
		002903102461EF4500561413 /* Base */ = {isa = PBXFileReference; lastKnownFileType = file.storyboard; name = Base; path = Base.lproj/LaunchScreen.storyboard; sourceTree = "<group>"; };
		002903122461EF4500561413 /* Info.plist */ = {isa = PBXFileReference; lastKnownFileType = text.plist.xml; path = Info.plist; sourceTree = "<group>"; };
		00361346247AAD8C00BF6AA3 /* ProfileHeader.swift */ = {isa = PBXFileReference; lastKnownFileType = sourcecode.swift; path = ProfileHeader.swift; sourceTree = "<group>"; };
		005482F8247545F600FC35B2 /* TweetViewModel.swift */ = {isa = PBXFileReference; lastKnownFileType = sourcecode.swift; path = TweetViewModel.swift; sourceTree = "<group>"; };
		0064E48C246EBDC700B469CB /* UploadTweetController.swift */ = {isa = PBXFileReference; lastKnownFileType = sourcecode.swift; path = UploadTweetController.swift; sourceTree = "<group>"; };
		008A1A1A24795E8100875452 /* ProfileController.swift */ = {isa = PBXFileReference; lastKnownFileType = sourcecode.swift; path = ProfileController.swift; sourceTree = "<group>"; };
		00A1150024726C6100DA845C /* Tweet.swift */ = {isa = PBXFileReference; lastKnownFileType = sourcecode.swift; path = Tweet.swift; sourceTree = "<group>"; };
		00A115022472756500DA845C /* TweetCell.swift */ = {isa = PBXFileReference; lastKnownFileType = sourcecode.swift; path = TweetCell.swift; sourceTree = "<group>"; };
		00ADD20F247B0B45002AF498 /* ProfileFilterview.swift */ = {isa = PBXFileReference; lastKnownFileType = sourcecode.swift; path = ProfileFilterview.swift; sourceTree = "<group>"; };
		00ADD211247B0DFF002AF498 /* ProfileFilterCell.swift */ = {isa = PBXFileReference; lastKnownFileType = sourcecode.swift; path = ProfileFilterCell.swift; sourceTree = "<group>"; };
		00C7CBFC246B847F0099DEE3 /* UserService.swift */ = {isa = PBXFileReference; lastKnownFileType = sourcecode.swift; path = UserService.swift; sourceTree = "<group>"; };
		00C7CC00246B99070099DEE3 /* User.swift */ = {isa = PBXFileReference; lastKnownFileType = sourcecode.swift; path = User.swift; sourceTree = "<group>"; };
		00C9FCF92467A7B40000B9DB /* AuthService.swift */ = {isa = PBXFileReference; lastKnownFileType = sourcecode.swift; path = AuthService.swift; sourceTree = "<group>"; };
		00CA08112461F892004B74AC /* MainTabController.swift */ = {isa = PBXFileReference; lastKnownFileType = sourcecode.swift; path = MainTabController.swift; sourceTree = "<group>"; };
		00CA08132461FA5E004B74AC /* FeedController.swift */ = {isa = PBXFileReference; lastKnownFileType = sourcecode.swift; path = FeedController.swift; sourceTree = "<group>"; };
		00CA08152461FA6E004B74AC /* ExploreController.swift */ = {isa = PBXFileReference; lastKnownFileType = sourcecode.swift; path = ExploreController.swift; sourceTree = "<group>"; };
		00CA08172461FA86004B74AC /* NotificationsContoller.swift */ = {isa = PBXFileReference; lastKnownFileType = sourcecode.swift; path = NotificationsContoller.swift; sourceTree = "<group>"; };
		00CA08192461FAE8004B74AC /* ConversationContoller.swift */ = {isa = PBXFileReference; lastKnownFileType = sourcecode.swift; path = ConversationContoller.swift; sourceTree = "<group>"; };
		00CA081D24624D1B004B74AC /* Extensions.swift */ = {isa = PBXFileReference; lastKnownFileType = sourcecode.swift; path = Extensions.swift; sourceTree = "<group>"; };
		00E39203246FE44B00EB6889 /* CaptionTextView.swift */ = {isa = PBXFileReference; lastKnownFileType = sourcecode.swift; path = CaptionTextView.swift; sourceTree = "<group>"; };
		00E39205246FF43C00EB6889 /* TweetService.swift */ = {isa = PBXFileReference; lastKnownFileType = sourcecode.swift; path = TweetService.swift; sourceTree = "<group>"; };
		00FDB421246794D800A45747 /* Constants.swift */ = {isa = PBXFileReference; lastKnownFileType = sourcecode.swift; path = Constants.swift; sourceTree = "<group>"; };
		3186E1DD465BAEA6C7292CDE /* Pods-TwitterClone.release.xcconfig */ = {isa = PBXFileReference; includeInIndex = 1; lastKnownFileType = text.xcconfig; name = "Pods-TwitterClone.release.xcconfig"; path = "Target Support Files/Pods-TwitterClone/Pods-TwitterClone.release.xcconfig"; sourceTree = "<group>"; };
		5749FFAF405439A349DDE6D1 /* Pods-TwitterClone.debug.xcconfig */ = {isa = PBXFileReference; includeInIndex = 1; lastKnownFileType = text.xcconfig; name = "Pods-TwitterClone.debug.xcconfig"; path = "Target Support Files/Pods-TwitterClone/Pods-TwitterClone.debug.xcconfig"; sourceTree = "<group>"; };
		CB3DE0DFD3E132EF1A0C14A7 /* Pods_TwitterClone.framework */ = {isa = PBXFileReference; explicitFileType = wrapper.framework; includeInIndex = 0; path = Pods_TwitterClone.framework; sourceTree = BUILT_PRODUCTS_DIR; };
/* End PBXFileReference section */

/* Begin PBXFrameworksBuildPhase section */
		002902FE2461EF3F00561413 /* Frameworks */ = {
			isa = PBXFrameworksBuildPhase;
			buildActionMask = 2147483647;
			files = (
				4904752CC8464F7DA588A0B4 /* Pods_TwitterClone.framework in Frameworks */,
			);
			runOnlyForDeploymentPostprocessing = 0;
		};
/* End PBXFrameworksBuildPhase section */

/* Begin PBXGroup section */
		000E843824664FAD00E013EC /* Authentication */ = {
			isa = PBXGroup;
			children = (
				000E843924664FE900E013EC /* LoginController.swift */,
				000E843B2466509400E013EC /* RegisterCotroller.swift */,
			);
			path = Authentication;
			sourceTree = "<group>";
		};
		002902F82461EF3F00561413 = {
			isa = PBXGroup;
			children = (
				002903032461EF3F00561413 /* TwitterClone */,
				002903022461EF3F00561413 /* Products */,
				0A99FE296D3B3ABB2EDDE2A4 /* Pods */,
				686BDF6A3810F2CDBB0CF3C5 /* Frameworks */,
			);
			sourceTree = "<group>";
		};
		002903022461EF3F00561413 /* Products */ = {
			isa = PBXGroup;
			children = (
				002903012461EF3F00561413 /* TwitterClone.app */,
			);
			name = Products;
			sourceTree = "<group>";
		};
		002903032461EF3F00561413 /* TwitterClone */ = {
			isa = PBXGroup;
			children = (
				0029031D2461F54B00561413 /* Model */,
				0029031C2461F54A00561413 /* View */,
				0029031B2461F54900561413 /* ViewModel */,
				0029031A2461F54800561413 /* Controller */,
				002903192461F54600561413 /* API */,
				002903182461F50C00561413 /* Utils */,
				002903042461EF3F00561413 /* AppDelegate.swift */,
				002903062461EF3F00561413 /* SceneDelegate.swift */,
				0029030A2461EF3F00561413 /* Main.storyboard */,
				0029030D2461EF4500561413 /* Assets.xcassets */,
				0029030F2461EF4500561413 /* LaunchScreen.storyboard */,
				002903122461EF4500561413 /* Info.plist */,
				002468D4246774CE006AFAAF /* GoogleService-Info.plist */,
			);
			path = TwitterClone;
			sourceTree = "<group>";
		};
		002903182461F50C00561413 /* Utils */ = {
			isa = PBXGroup;
			children = (
				00CA081D24624D1B004B74AC /* Extensions.swift */,
				000E843D2466641600E013EC /* Utilities.swift */,
				00FDB421246794D800A45747 /* Constants.swift */,
			);
			path = Utils;
			sourceTree = "<group>";
		};
		002903192461F54600561413 /* API */ = {
			isa = PBXGroup;
			children = (
				00C9FCF92467A7B40000B9DB /* AuthService.swift */,
				00C7CBFC246B847F0099DEE3 /* UserService.swift */,
				00E39205246FF43C00EB6889 /* TweetService.swift */,
			);
			path = API;
			sourceTree = "<group>";
		};
		0029031A2461F54800561413 /* Controller */ = {
			isa = PBXGroup;
			children = (
				000E843824664FAD00E013EC /* Authentication */,
				00CA08112461F892004B74AC /* MainTabController.swift */,
				00CA08132461FA5E004B74AC /* FeedController.swift */,
				00CA08152461FA6E004B74AC /* ExploreController.swift */,
				00CA08172461FA86004B74AC /* NotificationsContoller.swift */,
				00CA08192461FAE8004B74AC /* ConversationContoller.swift */,
				0064E48C246EBDC700B469CB /* UploadTweetController.swift */,
				008A1A1A24795E8100875452 /* ProfileController.swift */,
			);
			path = Controller;
			sourceTree = "<group>";
		};
		0029031B2461F54900561413 /* ViewModel */ = {
			isa = PBXGroup;
			children = (
				005482F8247545F600FC35B2 /* TweetViewModel.swift */,
			);
			path = ViewModel;
			sourceTree = "<group>";
		};
		0029031C2461F54A00561413 /* View */ = {
			isa = PBXGroup;
			children = (
				00E39203246FE44B00EB6889 /* CaptionTextView.swift */,
				00A115022472756500DA845C /* TweetCell.swift */,
				00361346247AAD8C00BF6AA3 /* ProfileHeader.swift */,
				00ADD20F247B0B45002AF498 /* ProfileFilterview.swift */,
				00ADD211247B0DFF002AF498 /* ProfileFilterCell.swift */,
			);
			path = View;
			sourceTree = "<group>";
		};
		0029031D2461F54B00561413 /* Model */ = {
			isa = PBXGroup;
			children = (
				00C7CC00246B99070099DEE3 /* User.swift */,
				00A1150024726C6100DA845C /* Tweet.swift */,
			);
			path = Model;
			sourceTree = "<group>";
		};
		0A99FE296D3B3ABB2EDDE2A4 /* Pods */ = {
			isa = PBXGroup;
			children = (
				5749FFAF405439A349DDE6D1 /* Pods-TwitterClone.debug.xcconfig */,
				3186E1DD465BAEA6C7292CDE /* Pods-TwitterClone.release.xcconfig */,
			);
			path = Pods;
			sourceTree = "<group>";
		};
		686BDF6A3810F2CDBB0CF3C5 /* Frameworks */ = {
			isa = PBXGroup;
			children = (
				CB3DE0DFD3E132EF1A0C14A7 /* Pods_TwitterClone.framework */,
			);
			name = Frameworks;
			sourceTree = "<group>";
		};
/* End PBXGroup section */

/* Begin PBXNativeTarget section */
		002903002461EF3F00561413 /* TwitterClone */ = {
			isa = PBXNativeTarget;
			buildConfigurationList = 002903152461EF4500561413 /* Build configuration list for PBXNativeTarget "TwitterClone" */;
			buildPhases = (
				88951D7734D03998864ABE00 /* [CP] Check Pods Manifest.lock */,
				002902FD2461EF3F00561413 /* Sources */,
				002902FE2461EF3F00561413 /* Frameworks */,
				002902FF2461EF3F00561413 /* Resources */,
				CFBAFEED2A6F042B5DDC1A86 /* [CP] Embed Pods Frameworks */,
			);
			buildRules = (
			);
			dependencies = (
			);
			name = TwitterClone;
			productName = TwitterClone;
			productReference = 002903012461EF3F00561413 /* TwitterClone.app */;
			productType = "com.apple.product-type.application";
		};
/* End PBXNativeTarget section */

/* Begin PBXProject section */
		002902F92461EF3F00561413 /* Project object */ = {
			isa = PBXProject;
			attributes = {
				LastSwiftUpdateCheck = 1140;
				LastUpgradeCheck = 1140;
				ORGANIZATIONNAME = MCT;
				TargetAttributes = {
					002903002461EF3F00561413 = {
						CreatedOnToolsVersion = 11.4.1;
					};
				};
			};
			buildConfigurationList = 002902FC2461EF3F00561413 /* Build configuration list for PBXProject "TwitterClone" */;
			compatibilityVersion = "Xcode 9.3";
			developmentRegion = en;
			hasScannedForEncodings = 0;
			knownRegions = (
				en,
				Base,
			);
			mainGroup = 002902F82461EF3F00561413;
			productRefGroup = 002903022461EF3F00561413 /* Products */;
			projectDirPath = "";
			projectRoot = "";
			targets = (
				002903002461EF3F00561413 /* TwitterClone */,
			);
		};
/* End PBXProject section */

/* Begin PBXResourcesBuildPhase section */
		002902FF2461EF3F00561413 /* Resources */ = {
			isa = PBXResourcesBuildPhase;
			buildActionMask = 2147483647;
			files = (
				002903112461EF4500561413 /* LaunchScreen.storyboard in Resources */,
				002468D5246774CE006AFAAF /* GoogleService-Info.plist in Resources */,
				0029030E2461EF4500561413 /* Assets.xcassets in Resources */,
				0029030C2461EF3F00561413 /* Main.storyboard in Resources */,
			);
			runOnlyForDeploymentPostprocessing = 0;
		};
/* End PBXResourcesBuildPhase section */

/* Begin PBXShellScriptBuildPhase section */
		88951D7734D03998864ABE00 /* [CP] Check Pods Manifest.lock */ = {
			isa = PBXShellScriptBuildPhase;
			buildActionMask = 2147483647;
			files = (
			);
			inputFileListPaths = (
			);
			inputPaths = (
				"${PODS_PODFILE_DIR_PATH}/Podfile.lock",
				"${PODS_ROOT}/Manifest.lock",
			);
			name = "[CP] Check Pods Manifest.lock";
			outputFileListPaths = (
			);
			outputPaths = (
				"$(DERIVED_FILE_DIR)/Pods-TwitterClone-checkManifestLockResult.txt",
			);
			runOnlyForDeploymentPostprocessing = 0;
			shellPath = /bin/sh;
			shellScript = "diff \"${PODS_PODFILE_DIR_PATH}/Podfile.lock\" \"${PODS_ROOT}/Manifest.lock\" > /dev/null\nif [ $? != 0 ] ; then\n    # print error to STDERR\n    echo \"error: The sandbox is not in sync with the Podfile.lock. Run 'pod install' or update your CocoaPods installation.\" >&2\n    exit 1\nfi\n# This output is used by Xcode 'outputs' to avoid re-running this script phase.\necho \"SUCCESS\" > \"${SCRIPT_OUTPUT_FILE_0}\"\n";
			showEnvVarsInLog = 0;
		};
		CFBAFEED2A6F042B5DDC1A86 /* [CP] Embed Pods Frameworks */ = {
			isa = PBXShellScriptBuildPhase;
			buildActionMask = 2147483647;
			files = (
			);
			inputFileListPaths = (
				"${PODS_ROOT}/Target Support Files/Pods-TwitterClone/Pods-TwitterClone-frameworks-${CONFIGURATION}-input-files.xcfilelist",
			);
			name = "[CP] Embed Pods Frameworks";
			outputFileListPaths = (
				"${PODS_ROOT}/Target Support Files/Pods-TwitterClone/Pods-TwitterClone-frameworks-${CONFIGURATION}-output-files.xcfilelist",
			);
			runOnlyForDeploymentPostprocessing = 0;
			shellPath = /bin/sh;
			shellScript = "\"${PODS_ROOT}/Target Support Files/Pods-TwitterClone/Pods-TwitterClone-frameworks.sh\"\n";
			showEnvVarsInLog = 0;
		};
/* End PBXShellScriptBuildPhase section */

/* Begin PBXSourcesBuildPhase section */
		002902FD2461EF3F00561413 /* Sources */ = {
			isa = PBXSourcesBuildPhase;
			buildActionMask = 2147483647;
			files = (
				00C7CBFD246B847F0099DEE3 /* UserService.swift in Sources */,
				002903052461EF3F00561413 /* AppDelegate.swift in Sources */,
				00E39204246FE44B00EB6889 /* CaptionTextView.swift in Sources */,
				00ADD212247B0DFF002AF498 /* ProfileFilterCell.swift in Sources */,
				00CA081A2461FAE8004B74AC /* ConversationContoller.swift in Sources */,
				000E843E2466641600E013EC /* Utilities.swift in Sources */,
				00CA08182461FA86004B74AC /* NotificationsContoller.swift in Sources */,
				00CA081E24624D1B004B74AC /* Extensions.swift in Sources */,
				008A1A1B24795E8100875452 /* ProfileController.swift in Sources */,
				00361347247AAD8C00BF6AA3 /* ProfileHeader.swift in Sources */,
				00A115032472756500DA845C /* TweetCell.swift in Sources */,
				000E843A24664FE900E013EC /* LoginController.swift in Sources */,
				00C9FCFA2467A7B40000B9DB /* AuthService.swift in Sources */,
				0064E48D246EBDC700B469CB /* UploadTweetController.swift in Sources */,
				00C7CC01246B99070099DEE3 /* User.swift in Sources */,
				00CA08162461FA6E004B74AC /* ExploreController.swift in Sources */,
				002903072461EF3F00561413 /* SceneDelegate.swift in Sources */,
				000E843C2466509400E013EC /* RegisterCotroller.swift in Sources */,
				005482F9247545F600FC35B2 /* TweetViewModel.swift in Sources */,
				00ADD210247B0B45002AF498 /* ProfileFilterview.swift in Sources */,
				00CA08122461F892004B74AC /* MainTabController.swift in Sources */,
				00CA08142461FA5E004B74AC /* FeedController.swift in Sources */,
				00FDB422246794D800A45747 /* Constants.swift in Sources */,
				00A1150124726C6100DA845C /* Tweet.swift in Sources */,
				00E39206246FF43C00EB6889 /* TweetService.swift in Sources */,
			);
			runOnlyForDeploymentPostprocessing = 0;
		};
/* End PBXSourcesBuildPhase section */

/* Begin PBXVariantGroup section */
		0029030A2461EF3F00561413 /* Main.storyboard */ = {
			isa = PBXVariantGroup;
			children = (
				0029030B2461EF3F00561413 /* Base */,
			);
			name = Main.storyboard;
			sourceTree = "<group>";
		};
		0029030F2461EF4500561413 /* LaunchScreen.storyboard */ = {
			isa = PBXVariantGroup;
			children = (
				002903102461EF4500561413 /* Base */,
			);
			name = LaunchScreen.storyboard;
			sourceTree = "<group>";
		};
/* End PBXVariantGroup section */

/* Begin XCBuildConfiguration section */
		002903132461EF4500561413 /* Debug */ = {
			isa = XCBuildConfiguration;
			buildSettings = {
				ALWAYS_SEARCH_USER_PATHS = NO;
				CLANG_ANALYZER_NONNULL = YES;
				CLANG_ANALYZER_NUMBER_OBJECT_CONVERSION = YES_AGGRESSIVE;
				CLANG_CXX_LANGUAGE_STANDARD = "gnu++14";
				CLANG_CXX_LIBRARY = "libc++";
				CLANG_ENABLE_MODULES = YES;
				CLANG_ENABLE_OBJC_ARC = YES;
				CLANG_ENABLE_OBJC_WEAK = YES;
				CLANG_WARN_BLOCK_CAPTURE_AUTORELEASING = YES;
				CLANG_WARN_BOOL_CONVERSION = YES;
				CLANG_WARN_COMMA = YES;
				CLANG_WARN_CONSTANT_CONVERSION = YES;
				CLANG_WARN_DEPRECATED_OBJC_IMPLEMENTATIONS = YES;
				CLANG_WARN_DIRECT_OBJC_ISA_USAGE = YES_ERROR;
				CLANG_WARN_DOCUMENTATION_COMMENTS = YES;
				CLANG_WARN_EMPTY_BODY = YES;
				CLANG_WARN_ENUM_CONVERSION = YES;
				CLANG_WARN_INFINITE_RECURSION = YES;
				CLANG_WARN_INT_CONVERSION = YES;
				CLANG_WARN_NON_LITERAL_NULL_CONVERSION = YES;
				CLANG_WARN_OBJC_IMPLICIT_RETAIN_SELF = YES;
				CLANG_WARN_OBJC_LITERAL_CONVERSION = YES;
				CLANG_WARN_OBJC_ROOT_CLASS = YES_ERROR;
				CLANG_WARN_RANGE_LOOP_ANALYSIS = YES;
				CLANG_WARN_STRICT_PROTOTYPES = YES;
				CLANG_WARN_SUSPICIOUS_MOVE = YES;
				CLANG_WARN_UNGUARDED_AVAILABILITY = YES_AGGRESSIVE;
				CLANG_WARN_UNREACHABLE_CODE = YES;
				CLANG_WARN__DUPLICATE_METHOD_MATCH = YES;
				COPY_PHASE_STRIP = NO;
				DEBUG_INFORMATION_FORMAT = dwarf;
				ENABLE_STRICT_OBJC_MSGSEND = YES;
				ENABLE_TESTABILITY = YES;
				GCC_C_LANGUAGE_STANDARD = gnu11;
				GCC_DYNAMIC_NO_PIC = NO;
				GCC_NO_COMMON_BLOCKS = YES;
				GCC_OPTIMIZATION_LEVEL = 0;
				GCC_PREPROCESSOR_DEFINITIONS = (
					"DEBUG=1",
					"$(inherited)",
				);
				GCC_WARN_64_TO_32_BIT_CONVERSION = YES;
				GCC_WARN_ABOUT_RETURN_TYPE = YES_ERROR;
				GCC_WARN_UNDECLARED_SELECTOR = YES;
				GCC_WARN_UNINITIALIZED_AUTOS = YES_AGGRESSIVE;
				GCC_WARN_UNUSED_FUNCTION = YES;
				GCC_WARN_UNUSED_VARIABLE = YES;
				IPHONEOS_DEPLOYMENT_TARGET = 13.4;
				MTL_ENABLE_DEBUG_INFO = INCLUDE_SOURCE;
				MTL_FAST_MATH = YES;
				ONLY_ACTIVE_ARCH = YES;
				SDKROOT = iphoneos;
				SWIFT_ACTIVE_COMPILATION_CONDITIONS = DEBUG;
				SWIFT_OPTIMIZATION_LEVEL = "-Onone";
			};
			name = Debug;
		};
		002903142461EF4500561413 /* Release */ = {
			isa = XCBuildConfiguration;
			buildSettings = {
				ALWAYS_SEARCH_USER_PATHS = NO;
				CLANG_ANALYZER_NONNULL = YES;
				CLANG_ANALYZER_NUMBER_OBJECT_CONVERSION = YES_AGGRESSIVE;
				CLANG_CXX_LANGUAGE_STANDARD = "gnu++14";
				CLANG_CXX_LIBRARY = "libc++";
				CLANG_ENABLE_MODULES = YES;
				CLANG_ENABLE_OBJC_ARC = YES;
				CLANG_ENABLE_OBJC_WEAK = YES;
				CLANG_WARN_BLOCK_CAPTURE_AUTORELEASING = YES;
				CLANG_WARN_BOOL_CONVERSION = YES;
				CLANG_WARN_COMMA = YES;
				CLANG_WARN_CONSTANT_CONVERSION = YES;
				CLANG_WARN_DEPRECATED_OBJC_IMPLEMENTATIONS = YES;
				CLANG_WARN_DIRECT_OBJC_ISA_USAGE = YES_ERROR;
				CLANG_WARN_DOCUMENTATION_COMMENTS = YES;
				CLANG_WARN_EMPTY_BODY = YES;
				CLANG_WARN_ENUM_CONVERSION = YES;
				CLANG_WARN_INFINITE_RECURSION = YES;
				CLANG_WARN_INT_CONVERSION = YES;
				CLANG_WARN_NON_LITERAL_NULL_CONVERSION = YES;
				CLANG_WARN_OBJC_IMPLICIT_RETAIN_SELF = YES;
				CLANG_WARN_OBJC_LITERAL_CONVERSION = YES;
				CLANG_WARN_OBJC_ROOT_CLASS = YES_ERROR;
				CLANG_WARN_RANGE_LOOP_ANALYSIS = YES;
				CLANG_WARN_STRICT_PROTOTYPES = YES;
				CLANG_WARN_SUSPICIOUS_MOVE = YES;
				CLANG_WARN_UNGUARDED_AVAILABILITY = YES_AGGRESSIVE;
				CLANG_WARN_UNREACHABLE_CODE = YES;
				CLANG_WARN__DUPLICATE_METHOD_MATCH = YES;
				COPY_PHASE_STRIP = NO;
				DEBUG_INFORMATION_FORMAT = "dwarf-with-dsym";
				ENABLE_NS_ASSERTIONS = NO;
				ENABLE_STRICT_OBJC_MSGSEND = YES;
				GCC_C_LANGUAGE_STANDARD = gnu11;
				GCC_NO_COMMON_BLOCKS = YES;
				GCC_WARN_64_TO_32_BIT_CONVERSION = YES;
				GCC_WARN_ABOUT_RETURN_TYPE = YES_ERROR;
				GCC_WARN_UNDECLARED_SELECTOR = YES;
				GCC_WARN_UNINITIALIZED_AUTOS = YES_AGGRESSIVE;
				GCC_WARN_UNUSED_FUNCTION = YES;
				GCC_WARN_UNUSED_VARIABLE = YES;
				IPHONEOS_DEPLOYMENT_TARGET = 13.4;
				MTL_ENABLE_DEBUG_INFO = NO;
				MTL_FAST_MATH = YES;
				SDKROOT = iphoneos;
				SWIFT_COMPILATION_MODE = wholemodule;
				SWIFT_OPTIMIZATION_LEVEL = "-O";
				VALIDATE_PRODUCT = YES;
			};
			name = Release;
		};
		002903162461EF4500561413 /* Debug */ = {
			isa = XCBuildConfiguration;
			baseConfigurationReference = 5749FFAF405439A349DDE6D1 /* Pods-TwitterClone.debug.xcconfig */;
			buildSettings = {
				ASSETCATALOG_COMPILER_APPICON_NAME = AppIcon;
				CODE_SIGN_STYLE = Automatic;
				DEVELOPMENT_TEAM = D4T62J4499;
				INFOPLIST_FILE = TwitterClone/Info.plist;
				LD_RUNPATH_SEARCH_PATHS = (
					"$(inherited)",
					"@executable_path/Frameworks",
				);
				PRODUCT_BUNDLE_IDENTIFIER = com.mct.TwitterClone;
				PRODUCT_NAME = "$(TARGET_NAME)";
				SWIFT_VERSION = 5.0;
				TARGETED_DEVICE_FAMILY = "1,2";
			};
			name = Debug;
		};
		002903172461EF4500561413 /* Release */ = {
			isa = XCBuildConfiguration;
			baseConfigurationReference = 3186E1DD465BAEA6C7292CDE /* Pods-TwitterClone.release.xcconfig */;
			buildSettings = {
				ASSETCATALOG_COMPILER_APPICON_NAME = AppIcon;
				CODE_SIGN_STYLE = Automatic;
				DEVELOPMENT_TEAM = D4T62J4499;
				INFOPLIST_FILE = TwitterClone/Info.plist;
				LD_RUNPATH_SEARCH_PATHS = (
					"$(inherited)",
					"@executable_path/Frameworks",
				);
				PRODUCT_BUNDLE_IDENTIFIER = com.mct.TwitterClone;
				PRODUCT_NAME = "$(TARGET_NAME)";
				SWIFT_VERSION = 5.0;
				TARGETED_DEVICE_FAMILY = "1,2";
			};
			name = Release;
		};
/* End XCBuildConfiguration section */

/* Begin XCConfigurationList section */
		002902FC2461EF3F00561413 /* Build configuration list for PBXProject "TwitterClone" */ = {
			isa = XCConfigurationList;
			buildConfigurations = (
				002903132461EF4500561413 /* Debug */,
				002903142461EF4500561413 /* Release */,
			);
			defaultConfigurationIsVisible = 0;
			defaultConfigurationName = Release;
		};
		002903152461EF4500561413 /* Build configuration list for PBXNativeTarget "TwitterClone" */ = {
			isa = XCConfigurationList;
			buildConfigurations = (
				002903162461EF4500561413 /* Debug */,
				002903172461EF4500561413 /* Release */,
			);
			defaultConfigurationIsVisible = 0;
			defaultConfigurationName = Release;
		};
/* End XCConfigurationList section */
	};
	rootObject = 002902F92461EF3F00561413 /* Project object */;
}
